lockfileVersion: '9.0'

settings:
  autoInstallPeers: true
  excludeLinksFromLockfile: false

packageExtensionsChecksum: sha256-6PyaMRN1dXsVK0hQrlK2GkyutT0zhxSKrAlM/tzlT98=

importers:

  .:
    devDependencies:
      girgen:
        specifier: ^0.3.16
        version: 0.3.16

packages:

  '@girgen/linux-arm64@0.3.16':
    resolution: {integrity: sha512-8qCNPILoCRRWxkqhBtigHRPE9dD/MbELrSRYkbRycjH+vUZe8oLwVKWrqldS61Qcuu1++WmlXUUKTtnxjLiX/A==}
    cpu: [arm64]
    os: [linux]

  '@girgen/linux-x64@0.3.16':
    resolution: {integrity: sha512-veMH9+FDCa1CFBxQTco8UcdQN594LbjhF0QPQadLkvjBy5/Xkj1rdDm6+Qj/B6BkYPMXX+GpOJbmzyYNGbe2kQ==}
    cpu: [x64]
    os: [linux]

  girgen@0.3.16:
    resolution: {integrity: sha512-G6HtMIGIJWchB1eRgWqk9CwBcOZJtnrlnFVBHdconXosooNDy8fREeKgX8SsjdgfzboIGt/HJu4DurpioZOJdA==}
    hasBin: true

snapshots:

  '@girgen/linux-arm64@0.3.16':
    optional: true

  '@girgen/linux-x64@0.3.16':
    optional: true

  girgen@0.3.16:
    optionalDependencies:
      '@girgen/linux-arm64': 0.3.16
      '@girgen/linux-x64': 0.3.16
