lockfileVersion: '9.0'

settings:
  autoInstallPeers: true
  excludeLinksFromLockfile: false

packageExtensionsChecksum: sha256-6PyaMRN1dXsVK0hQrlK2GkyutT0zhxSKrAlM/tzlT98=

importers:

  .:
    devDependencies:
      girgen:
        specifier: ^0.3.20
        version: 0.3.20

packages:

  '@girgen/linux-arm64@0.3.20':
    resolution: {integrity: sha512-B4bkmjmQWBMgW7HXsziRKLSF0d4y7Pi4ZT6KnG9hoq2Y4Ac/DlXre4u4rC8pyDMyrwNqRcpAWOXobqW8CRshzQ==}
    cpu: [arm64]
    os: [linux]

  '@girgen/linux-x64@0.3.20':
    resolution: {integrity: sha512-Nyt++1eLGoPkgftzX/tmQ7/gbxWnx84hGR9nCLiIpUQelTOuKkzkxJPkbbM48HlyHxE4EP9qNeIbjHKNaP4ckg==}
    cpu: [x64]
    os: [linux]

  girgen@0.3.20:
    resolution: {integrity: sha512-INPqwzJ6GTa7fObxl+HS3EdXvGvVL/8FhhhAnItc+664jpN1g6Gy/RWvt8Gw96yZkV36UFLk3aKaenUEatpgCA==}
    hasBin: true

snapshots:

  '@girgen/linux-arm64@0.3.20':
    optional: true

  '@girgen/linux-x64@0.3.20':
    optional: true

  girgen@0.3.20:
    optionalDependencies:
      '@girgen/linux-arm64': 0.3.20
      '@girgen/linux-x64': 0.3.20
